{
  "version": 4,
  "terraform_version": "1.9.8",
  "serial": 8,
  "lineage": "1dc7a3ad-39ca-bf7d-8914-36e3372f55d4",
  "outputs": {},
  "resources": [
    {
      "mode": "data",
      "type": "template_file",
      "name": "linux-metadata",
      "provider": "provider[\"registry.terraform.io/hashicorp/template\"]",
      "instances": [
        {
          "schema_version": 0,
          "attributes": {
            "filename": null,
            "id": "3c09fc7a081a61ca95b2e6e543909c7b2f171919c7caf8ff155eae7e07534ad3",
            "rendered": "sudo apt-get update; \nsudo apt-get --assume-yes install ca-certificates curl gnupg;\nsudo install -m 0755 -d /etc/apt/keyrings;\ncurl -fsSL https://download.docker.com/linux/debian/gpg | sudo gpg --dearmor -o /etc/apt/keyrings/docker.gpg;\nsudo chmod a+r /etc/apt/keyrings/docker.gpg;\necho \\\n  \"deb [arch=\"$(dpkg --print-architecture)\" signed-by=/etc/apt/keyrings/docker.gpg] https://download.docker.com/linux/debian \\\n  \"$(. /etc/os-release \u0026\u0026 echo \"$VERSION_CODENAME\")\" stable\" | \\\n  sudo tee /etc/apt/sources.list.d/docker.list \u003e /dev/null;\nsudo apt-get update\nsudo apt-get --assume-yes install docker-ce docker-ce-cli containerd.io docker-buildx-plugin docker-compose-plugin;\nsudo usermod -aG docker akliuiko\n",
            "template": "sudo apt-get update; \nsudo apt-get --assume-yes install ca-certificates curl gnupg;\nsudo install -m 0755 -d /etc/apt/keyrings;\ncurl -fsSL https://download.docker.com/linux/debian/gpg | sudo gpg --dearmor -o /etc/apt/keyrings/docker.gpg;\nsudo chmod a+r /etc/apt/keyrings/docker.gpg;\necho \\\n  \"deb [arch=\"$(dpkg --print-architecture)\" signed-by=/etc/apt/keyrings/docker.gpg] https://download.docker.com/linux/debian \\\n  \"$(. /etc/os-release \u0026\u0026 echo \"$VERSION_CODENAME\")\" stable\" | \\\n  sudo tee /etc/apt/sources.list.d/docker.list \u003e /dev/null;\nsudo apt-get update\nsudo apt-get --assume-yes install docker-ce docker-ce-cli containerd.io docker-buildx-plugin docker-compose-plugin;\nsudo usermod -aG docker akliuiko\n",
            "vars": null
          },
          "sensitive_attributes": []
        }
      ]
    },
    {
      "mode": "managed",
      "type": "google_compute_instance",
      "name": "default",
      "provider": "provider[\"registry.terraform.io/hashicorp/google\"]",
      "instances": [
        {
          "schema_version": 6,
          "attributes": {
            "advanced_machine_features": [],
            "allow_stopping_for_update": null,
            "attached_disk": [],
            "boot_disk": [
              {
                "auto_delete": true,
                "device_name": "persistent-disk-0",
                "disk_encryption_key_raw": "",
                "disk_encryption_key_sha256": "",
                "initialize_params": [
                  {
                    "image": "https://www.googleapis.com/compute/v1/projects/debian-cloud/global/images/debian-11-bullseye-v20241112",
                    "labels": {},
                    "size": 10,
                    "type": "pd-standard"
                  }
                ],
                "kms_key_self_link": "",
                "mode": "READ_WRITE",
                "source": "https://www.googleapis.com/compute/v1/projects/app-dynamics-demo/zones/europe-west10-a/disks/app-dynamics-prod-server"
              }
            ],
            "can_ip_forward": false,
            "confidential_instance_config": [],
            "cpu_platform": "Intel Broadwell",
            "current_status": "RUNNING",
            "deletion_protection": false,
            "description": "",
            "desired_status": null,
            "enable_display": false,
            "guest_accelerator": [],
            "hostname": "",
            "id": "projects/app-dynamics-demo/zones/europe-west10-a/instances/app-dynamics-prod-server",
            "instance_id": "1629515238075287613",
            "label_fingerprint": "42WmSpB8rSM=",
            "labels": null,
            "machine_type": "e2-custom-medium-5632",
            "metadata": null,
            "metadata_fingerprint": "tSSipwnRx1A=",
            "metadata_startup_script": "sudo apt-get update; \nsudo apt-get --assume-yes install ca-certificates curl gnupg;\nsudo install -m 0755 -d /etc/apt/keyrings;\ncurl -fsSL https://download.docker.com/linux/debian/gpg | sudo gpg --dearmor -o /etc/apt/keyrings/docker.gpg;\nsudo chmod a+r /etc/apt/keyrings/docker.gpg;\necho \\\n  \"deb [arch=\"$(dpkg --print-architecture)\" signed-by=/etc/apt/keyrings/docker.gpg] https://download.docker.com/linux/debian \\\n  \"$(. /etc/os-release \u0026\u0026 echo \"$VERSION_CODENAME\")\" stable\" | \\\n  sudo tee /etc/apt/sources.list.d/docker.list \u003e /dev/null;\nsudo apt-get update\nsudo apt-get --assume-yes install docker-ce docker-ce-cli containerd.io docker-buildx-plugin docker-compose-plugin;\nsudo usermod -aG docker akliuiko\n",
            "min_cpu_platform": "",
            "name": "app-dynamics-prod-server",
            "network_interface": [
              {
                "access_config": [],
                "alias_ip_range": [],
                "ipv6_access_config": [],
                "ipv6_access_type": "",
                "name": "nic0",
                "network": "https://www.googleapis.com/compute/v1/projects/app-dynamics-demo/global/networks/app-dynamics-demo-prod-network",
                "network_ip": "10.0.1.2",
                "nic_type": "",
                "queue_count": 0,
                "stack_type": "IPV4_ONLY",
                "subnetwork": "https://www.googleapis.com/compute/v1/projects/app-dynamics-demo/regions/europe-west10/subnetworks/app-dynamics-demo-prod-subnet",
                "subnetwork_project": "app-dynamics-demo"
              }
            ],
            "project": "app-dynamics-demo",
            "reservation_affinity": [],
            "resource_policies": null,
            "scheduling": [
              {
                "automatic_restart": true,
                "min_node_cpus": 0,
                "node_affinities": [],
                "on_host_maintenance": "MIGRATE",
                "preemptible": false
              }
            ],
            "scratch_disk": [],
            "self_link": "https://www.googleapis.com/compute/v1/projects/app-dynamics-demo/zones/europe-west10-a/instances/app-dynamics-prod-server",
            "service_account": [],
            "shielded_instance_config": [
              {
                "enable_integrity_monitoring": true,
                "enable_secure_boot": false,
                "enable_vtpm": true
              }
            ],
            "tags": [
              "ssh"
            ],
            "tags_fingerprint": "pfSjJj1RiUg=",
            "timeouts": null,
            "zone": "europe-west10-a"
          },
          "sensitive_attributes": [
            [
              {
                "type": "get_attr",
                "value": "boot_disk"
              },
              {
                "type": "index",
                "value": {
                  "value": 0,
                  "type": "number"
                }
              },
              {
                "type": "get_attr",
                "value": "disk_encryption_key_raw"
              }
            ]
          ],
          "private": "eyJlMmJmYjczMC1lY2FhLTExZTYtOGY4OC0zNDM2M2JjN2M0YzAiOnsiY3JlYXRlIjoxMjAwMDAwMDAwMDAwLCJkZWxldGUiOjEyMDAwMDAwMDAwMDAsInVwZGF0ZSI6MTIwMDAwMDAwMDAwMH0sInNjaGVtYV92ZXJzaW9uIjoiNiJ9",
          "dependencies": [
            "data.template_file.linux-metadata",
            "google_compute_network.vpc_network",
            "google_compute_subnetwork.default"
          ]
        }
      ]
    },
    {
      "mode": "managed",
      "type": "google_compute_network",
      "name": "vpc_network",
      "provider": "provider[\"registry.terraform.io/hashicorp/google\"]",
      "instances": [
        {
          "schema_version": 0,
          "attributes": {
            "auto_create_subnetworks": false,
            "delete_default_routes_on_create": false,
            "description": "",
            "gateway_ipv4": "",
            "id": "projects/app-dynamics-demo/global/networks/app-dynamics-demo-prod-network",
            "mtu": 0,
            "name": "app-dynamics-demo-prod-network",
            "project": "app-dynamics-demo",
            "routing_mode": "REGIONAL",
            "self_link": "https://www.googleapis.com/compute/v1/projects/app-dynamics-demo/global/networks/app-dynamics-demo-prod-network",
            "timeouts": null
          },
          "sensitive_attributes": [],
          "private": "eyJlMmJmYjczMC1lY2FhLTExZTYtOGY4OC0zNDM2M2JjN2M0YzAiOnsiY3JlYXRlIjoxMjAwMDAwMDAwMDAwLCJkZWxldGUiOjEyMDAwMDAwMDAwMDAsInVwZGF0ZSI6MTIwMDAwMDAwMDAwMH19"
        }
      ]
    },
    {
      "mode": "managed",
      "type": "google_compute_router",
      "name": "nat-router",
      "provider": "provider[\"registry.terraform.io/hashicorp/google\"]",
      "instances": [
        {
          "schema_version": 0,
          "attributes": {
            "bgp": [],
            "creation_timestamp": "2024-11-20T06:48:33.240-08:00",
            "description": "",
            "encrypted_interconnect_router": false,
            "id": "projects/app-dynamics-demo/regions/europe-west10/routers/app-dynamics-demo-prod-nat-router-europe-west10",
            "name": "app-dynamics-demo-prod-nat-router-europe-west10",
            "network": "https://www.googleapis.com/compute/v1/projects/app-dynamics-demo/global/networks/app-dynamics-demo-prod-network",
            "project": "app-dynamics-demo",
            "region": "europe-west10",
            "self_link": "https://www.googleapis.com/compute/v1/projects/app-dynamics-demo/regions/europe-west10/routers/app-dynamics-demo-prod-nat-router-europe-west10",
            "timeouts": null
          },
          "sensitive_attributes": [],
          "private": "eyJlMmJmYjczMC1lY2FhLTExZTYtOGY4OC0zNDM2M2JjN2M0YzAiOnsiY3JlYXRlIjoxMjAwMDAwMDAwMDAwLCJkZWxldGUiOjEyMDAwMDAwMDAwMDAsInVwZGF0ZSI6MTIwMDAwMDAwMDAwMH19",
          "dependencies": [
            "google_compute_network.vpc_network"
          ]
        }
      ]
    },
    {
      "mode": "managed",
      "type": "google_compute_router_nat",
      "name": "nat-config",
      "provider": "provider[\"registry.terraform.io/hashicorp/google\"]",
      "instances": [
        {
          "schema_version": 0,
          "attributes": {
            "drain_nat_ips": null,
            "enable_endpoint_independent_mapping": true,
            "icmp_idle_timeout_sec": 30,
            "id": "app-dynamics-demo/europe-west10/app-dynamics-demo-prod-nat-router-europe-west10/app-dynamics-demo-prod-nat-config",
            "log_config": [],
            "min_ports_per_vm": 0,
            "name": "app-dynamics-demo-prod-nat-config",
            "nat_ip_allocate_option": "AUTO_ONLY",
            "nat_ips": null,
            "project": "app-dynamics-demo",
            "region": "europe-west10",
            "router": "app-dynamics-demo-prod-nat-router-europe-west10",
            "source_subnetwork_ip_ranges_to_nat": "ALL_SUBNETWORKS_ALL_IP_RANGES",
            "subnetwork": [],
            "tcp_established_idle_timeout_sec": 1200,
            "tcp_transitory_idle_timeout_sec": 30,
            "timeouts": null,
            "udp_idle_timeout_sec": 30
          },
          "sensitive_attributes": [],
          "private": "eyJlMmJmYjczMC1lY2FhLTExZTYtOGY4OC0zNDM2M2JjN2M0YzAiOnsiY3JlYXRlIjoxMjAwMDAwMDAwMDAwLCJkZWxldGUiOjEyMDAwMDAwMDAwMDAsInVwZGF0ZSI6MTIwMDAwMDAwMDAwMH19",
          "dependencies": [
            "google_compute_network.vpc_network",
            "google_compute_router.nat-router"
          ]
        }
      ]
    },
    {
      "mode": "managed",
      "type": "google_compute_subnetwork",
      "name": "default",
      "provider": "provider[\"registry.terraform.io/hashicorp/google\"]",
      "instances": [
        {
          "schema_version": 0,
          "attributes": {
            "creation_timestamp": "2024-11-20T06:48:36.751-08:00",
            "description": "",
            "external_ipv6_prefix": "",
            "fingerprint": null,
            "gateway_address": "10.0.1.1",
            "id": "projects/app-dynamics-demo/regions/europe-west10/subnetworks/app-dynamics-demo-prod-subnet",
            "ip_cidr_range": "10.0.1.0/24",
            "ipv6_access_type": "",
            "ipv6_cidr_range": "",
            "log_config": [],
            "name": "app-dynamics-demo-prod-subnet",
            "network": "https://www.googleapis.com/compute/v1/projects/app-dynamics-demo/global/networks/app-dynamics-demo-prod-network",
            "private_ip_google_access": false,
            "private_ipv6_google_access": "DISABLE_GOOGLE_ACCESS",
            "project": "app-dynamics-demo",
            "purpose": "PRIVATE",
            "region": "europe-west10",
            "role": "",
            "secondary_ip_range": [],
            "self_link": "https://www.googleapis.com/compute/v1/projects/app-dynamics-demo/regions/europe-west10/subnetworks/app-dynamics-demo-prod-subnet",
            "stack_type": "IPV4_ONLY",
            "timeouts": null
          },
          "sensitive_attributes": [],
          "private": "eyJlMmJmYjczMC1lY2FhLTExZTYtOGY4OC0zNDM2M2JjN2M0YzAiOnsiY3JlYXRlIjoxMjAwMDAwMDAwMDAwLCJkZWxldGUiOjEyMDAwMDAwMDAwMDAsInVwZGF0ZSI6MTIwMDAwMDAwMDAwMH19",
          "dependencies": [
            "google_compute_network.vpc_network"
          ]
        }
      ]
    },
    {
      "module": "module.firewall_rules",
      "mode": "managed",
      "type": "google_compute_firewall",
      "name": "rules",
      "provider": "provider[\"registry.terraform.io/hashicorp/google\"]",
      "instances": [
        {
          "index_key": "allow-ssh-ingress",
          "schema_version": 1,
          "attributes": {
            "allow": [
              {
                "ports": [
                  "22"
                ],
                "protocol": "tcp"
              }
            ],
            "creation_timestamp": "2024-11-20T06:48:30.381-08:00",
            "deny": [],
            "description": "Allow default ssh access",
            "destination_ranges": [],
            "direction": "INGRESS",
            "disabled": false,
            "enable_logging": null,
            "id": "projects/app-dynamics-demo/global/firewalls/allow-ssh-ingress",
            "log_config": [
              {
                "metadata": "INCLUDE_ALL_METADATA"
              }
            ],
            "name": "allow-ssh-ingress",
            "network": "https://www.googleapis.com/compute/v1/projects/app-dynamics-demo/global/networks/app-dynamics-demo-prod-network",
            "priority": 1000,
            "project": "app-dynamics-demo",
            "self_link": "https://www.googleapis.com/compute/v1/projects/app-dynamics-demo/global/firewalls/allow-ssh-ingress",
            "source_ranges": [
              "0.0.0.0/0"
            ],
            "source_service_accounts": null,
            "source_tags": null,
            "target_service_accounts": null,
            "target_tags": null,
            "timeouts": null
          },
          "sensitive_attributes": [],
          "private": "eyJlMmJmYjczMC1lY2FhLTExZTYtOGY4OC0zNDM2M2JjN2M0YzAiOnsiY3JlYXRlIjoxMjAwMDAwMDAwMDAwLCJkZWxldGUiOjEyMDAwMDAwMDAwMDAsInVwZGF0ZSI6MTIwMDAwMDAwMDAwMH0sInNjaGVtYV92ZXJzaW9uIjoiMSJ9",
          "dependencies": [
            "google_compute_network.vpc_network"
          ]
        }
      ]
    }
  ],
  "check_results": null
}
